// !$*UTF8*$!
{
	archiveVersion = 1;
	classes = {
	};
	objectVersion = 55;
	objects = {

/* Begin PBXBuildFile section */
		FA1DA083277E00770045D9C0 /* lab_ios_BiometricsApp.swift in Sources */ = {isa = PBXBuildFile; fileRef = FA1DA082277E00770045D9C0 /* lab_ios_BiometricsApp.swift */; };
		FA1DA085277E00770045D9C0 /* ContentView.swift in Sources */ = {isa = PBXBuildFile; fileRef = FA1DA084277E00770045D9C0 /* ContentView.swift */; };
		FA1DA087277E007B0045D9C0 /* Assets.xcassets in Resources */ = {isa = PBXBuildFile; fileRef = FA1DA086277E007B0045D9C0 /* Assets.xcassets */; };
		FA1DA08A277E007B0045D9C0 /* Preview Assets.xcassets in Resources */ = {isa = PBXBuildFile; fileRef = FA1DA089277E007B0045D9C0 /* Preview Assets.xcassets */; };
		FA1DA093277E03590045D9C0 /* WelcomeView.swift in Sources */ = {isa = PBXBuildFile; fileRef = FA1DA092277E03590045D9C0 /* WelcomeView.swift */; };
		FA1DA097277E04A50045D9C0 /* ContentViewModel.swift in Sources */ = {isa = PBXBuildFile; fileRef = FA1DA096277E04A50045D9C0 /* ContentViewModel.swift */; };
		FA1DA099277E04F00045D9C0 /* Utils.swift in Sources */ = {isa = PBXBuildFile; fileRef = FA1DA098277E04F00045D9C0 /* Utils.swift */; };
		FA1DA09B277E05370045D9C0 /* AppRepository.swift in Sources */ = {isa = PBXBuildFile; fileRef = FA1DA09A277E05370045D9C0 /* AppRepository.swift */; };
		FA1DA09D277E0CCC0045D9C0 /* FileRepository.swift in Sources */ = {isa = PBXBuildFile; fileRef = FA1DA09C277E0CCC0045D9C0 /* FileRepository.swift */; };
		FB1000000000000000000001 /* BiometricsLabTests.swift in Sources */ = {isa = PBXBuildFile; fileRef = FB2000000000000000000001 /* BiometricsLabTests.swift */; };
/* End PBXBuildFile section */

/* Begin PBXContainerItemProxy section */
		FB3000000000000000000001 /* PBXContainerItemProxy */ = {
			isa = PBXContainerItemProxy;
			containerPortal = FA1DA077277E00770045D9C0 /* Project object */;
			proxyType = 1;
			remoteGlobalIDString = FA1DA07E277E00770045D9C0;
			remoteInfo = lab.ios.Biometrics;
		};
/* End PBXContainerItemProxy section */

/* Begin PBXFileReference section */
		FA1DA07F277E00770045D9C0 /* Biometrics lab.app */ = {isa = PBXFileReference; explicitFileType = wrapper.application; includeInIndex = 0; path = "Biometrics lab.app"; sourceTree = BUILT_PRODUCTS_DIR; };
		FA1DA082277E00770045D9C0 /* lab_ios_BiometricsApp.swift */ = {isa = PBXFileReference; lastKnownFileType = sourcecode.swift; path = lab_ios_BiometricsApp.swift; sourceTree = "<group>"; };
		FA1DA084277E00770045D9C0 /* ContentView.swift */ = {isa = PBXFileReference; lastKnownFileType = sourcecode.swift; path = ContentView.swift; sourceTree = "<group>"; };
		FA1DA086277E007B0045D9C0 /* Assets.xcassets */ = {isa = PBXFileReference; lastKnownFileType = folder.assetcatalog; path = Assets.xcassets; sourceTree = "<group>"; };
		FA1DA089277E007B0045D9C0 /* Preview Assets.xcassets */ = {isa = PBXFileReference; lastKnownFileType = folder.assetcatalog; path = "Preview Assets.xcassets"; sourceTree = "<group>"; };
		FA1DA092277E03590045D9C0 /* WelcomeView.swift */ = {isa = PBXFileReference; lastKnownFileType = sourcecode.swift; path = WelcomeView.swift; sourceTree = "<group>"; };
		FA1DA096277E04A50045D9C0 /* ContentViewModel.swift */ = {isa = PBXFileReference; lastKnownFileType = sourcecode.swift; path = ContentViewModel.swift; sourceTree = "<group>"; };
		FA1DA098277E04F00045D9C0 /* Utils.swift */ = {isa = PBXFileReference; lastKnownFileType = sourcecode.swift; path = Utils.swift; sourceTree = "<group>"; };
		FA1DA09A277E05370045D9C0 /* AppRepository.swift */ = {isa = PBXFileReference; lastKnownFileType = sourcecode.swift; path = AppRepository.swift; sourceTree = "<group>"; };
		FA1DA09C277E0CCC0045D9C0 /* FileRepository.swift */ = {isa = PBXFileReference; lastKnownFileType = sourcecode.swift; path = FileRepository.swift; sourceTree = "<group>"; };
		FB2000000000000000000001 /* BiometricsLabTests.swift */ = {isa = PBXFileReference; lastKnownFileType = sourcecode.swift; path = BiometricsLabTests.swift; sourceTree = "<group>"; };
		FB2000000000000000000002 /* Biometrics labTests.xctest */ = {isa = PBXFileReference; explicitFileType = wrapper.cfbundle; includeInIndex = 0; path = "Biometrics labTests.xctest"; sourceTree = BUILT_PRODUCTS_DIR; };
/* End PBXFileReference section */

/* Begin PBXFrameworksBuildPhase section */
		FA1DA07C277E00770045D9C0 /* Frameworks */ = {
			isa = PBXFrameworksBuildPhase;
			buildActionMask = 2147483647;
			files = (
			);
			runOnlyForDeploymentPostprocessing = 0;
		};
		FB4000000000000000000001 /* Frameworks */ = {
			isa = PBXFrameworksBuildPhase;
			buildActionMask = 2147483647;
			files = (
			);
			runOnlyForDeploymentPostprocessing = 0;
		};
/* End PBXFrameworksBuildPhase section */

/* Begin PBXGroup section */
		FA1DA076277E00770045D9C0 = {
			isa = PBXGroup;
			children = (
				FA1DA081277E00770045D9C0 /* lab.ios.Biometrics */,
				FB5000000000000000000001 /* lab.ios.BiometricsTests */,
				FA1DA080277E00770045D9C0 /* Products */,
			);
			sourceTree = "<group>";
		};
		FA1DA080277E00770045D9C0 /* Products */ = {
			isa = PBXGroup;
			children = (
				FA1DA07F277E00770045D9C0 /* Biometrics lab.app */,
				FB2000000000000000000002 /* Biometrics labTests.xctest */,
			);
			name = Products;
			sourceTree = "<group>";
		};
		FA1DA081277E00770045D9C0 /* lab.ios.Biometrics */ = {
			isa = PBXGroup;
			children = (
				FA1DA090277E01160045D9C0 /* Sources */,
				FA1DA082277E00770045D9C0 /* lab_ios_BiometricsApp.swift */,
				FA1DA086277E007B0045D9C0 /* Assets.xcassets */,
				FA1DA088277E007B0045D9C0 /* Preview Content */,
			);
			path = lab.ios.Biometrics;
			sourceTree = "<group>";
		};
		FA1DA088277E007B0045D9C0 /* Preview Content */ = {
			isa = PBXGroup;
			children = (
				FA1DA089277E007B0045D9C0 /* Preview Assets.xcassets */,
			);
			path = "Preview Content";
			sourceTree = "<group>";
		};
		FA1DA090277E01160045D9C0 /* Sources */ = {
			isa = PBXGroup;
			children = (
				FA1DA091277E011F0045D9C0 /* Utils */,
				FA1DA084277E00770045D9C0 /* ContentView.swift */,
				FA1DA096277E04A50045D9C0 /* ContentViewModel.swift */,
				FA1DA092277E03590045D9C0 /* WelcomeView.swift */,
			);
			path = Sources;
			sourceTree = "<group>";
		};
		FA1DA091277E011F0045D9C0 /* Utils */ = {
			isa = PBXGroup;
			children = (
				FA1DA098277E04F00045D9C0 /* Utils.swift */,
				FA1DA09A277E05370045D9C0 /* AppRepository.swift */,
				FA1DA09C277E0CCC0045D9C0 /* FileRepository.swift */,
			);
			path = Utils;
			sourceTree = "<group>";
		};
		FB5000000000000000000001 /* lab.ios.BiometricsTests */ = {
			isa = PBXGroup;
			children = (
				FB2000000000000000000001 /* BiometricsLabTests.swift */,
			);
			path = lab.ios.BiometricsTests;
			sourceTree = "<group>";
		};
/* End PBXGroup section */

/* Begin PBXNativeTarget section */
		FA1DA07E277E00770045D9C0 /* lab.ios.Biometrics */ = {
			isa = PBXNativeTarget;
			buildConfigurationList = FA1DA08D277E007B0045D9C0 /* Build configuration list for PBXNativeTarget "lab.ios.Biometrics" */;
			buildPhases = (
				FA1DA07B277E00770045D9C0 /* Sources */,
				FA1DA07C277E00770045D9C0 /* Frameworks */,
				FA1DA07D277E00770045D9C0 /* Resources */,
			);
			buildRules = (
			);
			dependencies = (
			);
			name = lab.ios.Biometrics;
			productName = lab.ios.Biometrics;
			productReference = FA1DA07F277E00770045D9C0 /* Biometrics lab.app */;
			productType = "com.apple.product-type.application";
		};
		FB6000000000000000000001 /* lab.ios.BiometricsTests */ = {
			isa = PBXNativeTarget;
			buildConfigurationList = FB7000000000000000000001 /* Build configuration list for PBXNativeTarget "lab.ios.BiometricsTests" */;
			buildPhases = (
				FB8000000000000000000001 /* Sources */,
				FB4000000000000000000001 /* Frameworks */,
				FB8000000000000000000002 /* Resources */,
			);
			buildRules = (
			);
			dependencies = (
				FB9000000000000000000001 /* PBXTargetDependency */,
			);
			name = lab.ios.BiometricsTests;
			productName = "Biometrics labTests";
			productReference = FB2000000000000000000002 /* Biometrics labTests.xctest */;
			productType = "com.apple.product-type.bundle.unit-test";
		};
/* End PBXNativeTarget section */

/* Begin PBXProject section */
		FA1DA077277E00770045D9C0 /* Project object */ = {
			isa = PBXProject;
			attributes = {
				BuildIndependentTargetsInParallel = 1;
				LastSwiftUpdateCheck = 2700;
				LastUpgradeCheck = 2700;
				TargetAttributes = {
					FA1DA07E277E00770045D9C0 = {
						CreatedOnToolsVersion = 27.0;
					};
					FB6000000000000000000001 = {
						CreatedOnToolsVersion = 27.0;
						TestTargetID = FA1DA07E277E00770045D9C0;
					};
				};
			};
			buildConfigurationList = FA1DA07A277E00770045D9C0 /* Build configuration list for PBXProject "lab.ios.Biometrics" */;
			compatibilityVersion = "Xcode 13.0";
			developmentRegion = en;
			hasScannedForEncodings = 0;
			knownRegions = (
				en,
				Base,
			);
			mainGroup = FA1DA076277E00770045D9C0;
			productRefGroup = FA1DA080277E00770045D9C0 /* Products */;
			projectDirPath = "";
			projectRoot = "";
			targets = (
				FA1DA07E277E00770045D9C0 /* lab.ios.Biometrics */,
				FB6000000000000000000001 /* lab.ios.BiometricsTests */,
			);
		};
/* End PBXProject section */

/* Begin PBXResourcesBuildPhase section */
		FA1DA07D277E00770045D9C0 /* Resources */ = {
			isa = PBXResourcesBuildPhase;
			buildActionMask = 2147483647;
			files = (
				FA1DA08A277E007B0045D9C0 /* Preview Assets.xcassets in Resources */,
				FA1DA087277E007B0045D9C0 /* Assets.xcassets in Resources */,
			);
			runOnlyForDeploymentPostprocessing = 0;
		};
		FB8000000000000000000002 /* Resources */ = {
			isa = PBXResourcesBuildPhase;
			buildActionMask = 2147483647;
			files = (
			);
			runOnlyForDeploymentPostprocessing = 0;
		};
/* End PBXResourcesBuildPhase section */

/* Begin PBXSourcesBuildPhase section */
		FA1DA07B277E00770045D9C0 /* Sources */ = {
			isa = PBXSourcesBuildPhase;
			buildActionMask = 2147483647;
			files = (
				FA1DA09B277E05370045D9C0 /* AppRepository.swift in Sources */,
				FA1DA085277E00770045D9C0 /* ContentView.swift in Sources */,
				FA1DA09D277E0CCC0045D9C0 /* FileRepository.swift in Sources */,
				FA1DA093277E03590045D9C0 /* WelcomeView.swift in Sources */,
				FA1DA083277E00770045D9C0 /* lab_ios_BiometricsApp.swift in Sources */,
				FA1DA097277E04A50045D9C0 /* ContentViewModel.swift in Sources */,
				FA1DA099277E04F00045D9C0 /* Utils.swift in Sources */,
			);
			runOnlyForDeploymentPostprocessing = 0;
		};
		FB8000000000000000000001 /* Sources */ = {
			isa = PBXSourcesBuildPhase;
			buildActionMask = 2147483647;
			files = (
				FB1000000000000000000001 /* BiometricsLabTests.swift in Sources */,
			);
			runOnlyForDeploymentPostprocessing = 0;
		};
/* End PBXSourcesBuildPhase section */

/* Begin PBXTargetDependency section */
		FB9000000000000000000001 /* PBXTargetDependency */ = {
			isa = PBXTargetDependency;
			target = FA1DA07E277E00770045D9C0 /* lab.ios.Biometrics */;
			targetProxy = FB3000000000000000000001 /* PBXContainerItemProxy */;
		};
/* End PBXTargetDependency section */

/* Begin XCBuildConfiguration section */
		FA1DA08B277E007B0045D9C0 /* Debug */ = {
			isa = XCBuildConfiguration;
			buildSettings = {
				ALWAYS_SEARCH_USER_PATHS = NO;
				CLANG_ANALYZER_NONNULL = YES;
				CLANG_ANALYZER_NUMBER_OBJECT_CONVERSION = YES_AGGRESSIVE;
				CLANG_CXX_LANGUAGE_STANDARD = "gnu++17";
				CLANG_CXX_LIBRARY = "libc++";
				CLANG_ENABLE_MODULES = YES;
				CLANG_ENABLE_OBJC_ARC = YES;
				CLANG_ENABLE_OBJC_WEAK = YES;
				CLANG_WARN_BLOCK_CAPTURE_AUTORELEASING = YES;
				CLANG_WARN_BOOL_CONVERSION = YES;
				CLANG_WARN_COMMA = YES;
				CLANG_WARN_CONSTANT_CONVERSION = YES;
				CLANG_WARN_DEPRECATED_OBJC_IMPLEMENTATIONS = YES;
				CLANG_WARN_DIRECT_OBJC_ISA_USAGE = YES_ERROR;
				CLANG_WARN_DOCUMENTATION_COMMENTS = YES;
				CLANG_WARN_EMPTY_BODY = YES;
				CLANG_WARN_ENUM_CONVERSION = YES;
				CLANG_WARN_INFINITE_RECURSION = YES;
				CLANG_WARN_INT_CONVERSION = YES;
				CLANG_WARN_NON_LITERAL_NULL_CONVERSION = YES;
				CLANG_WARN_OBJC_IMPLICIT_RETAIN_SELF = YES;
				CLANG_WARN_OBJC_LITERAL_CONVERSION = YES;
				CLANG_WARN_OBJC_ROOT_CLASS = YES_ERROR;
				CLANG_WARN_QUOTED_INCLUDE_IN_FRAMEWORK_HEADER = YES;
				CLANG_WARN_RANGE_LOOP_ANALYSIS = YES;
				CLANG_WARN_STRICT_PROTOTYPES = YES;
				CLANG_WARN_SUSPICIOUS_MOVE = YES;
				CLANG_WARN_UNGUARDED_AVAILABILITY = YES_AGGRESSIVE;
				CLANG_WARN_UNREACHABLE_CODE = YES;
				CLANG_WARN__DUPLICATE_METHOD_MATCH = YES;
				COPY_PHASE_STRIP = NO;
				DEBUG_INFORMATION_FORMAT = dwarf;
				ENABLE_STRICT_OBJC_MSGSEND = YES;
				ENABLE_TESTABILITY = YES;
				GCC_C_LANGUAGE_STANDARD = gnu17;
				GCC_DYNAMIC_NO_PIC = NO;
				GCC_NO_COMMON_BLOCKS = YES;
				GCC_OPTIMIZATION_LEVEL = 0;
				GCC_PREPROCESSOR_DEFINITIONS = (
					"DEBUG=1",
					"$(inherited)",
				);
				GCC_WARN_64_TO_32_BIT_CONVERSION = YES;
				GCC_WARN_ABOUT_RETURN_TYPE = YES_ERROR;
				GCC_WARN_UNDECLARED_SELECTOR = YES;
				GCC_WARN_UNINITIALIZED_AUTOS = YES_AGGRESSIVE;
				GCC_WARN_UNUSED_FUNCTION = YES;
				GCC_WARN_UNUSED_VARIABLE = YES;
				IPHONEOS_DEPLOYMENT_TARGET = 17.0;
				MTL_ENABLE_DEBUG_INFO = INCLUDE_SOURCE;
				MTL_FAST_MATH = YES;
				ONLY_ACTIVE_ARCH = YES;
				SDKROOT = iphoneos;
				SWIFT_ACTIVE_COMPILATION_CONDITIONS = DEBUG;
				SWIFT_OPTIMIZATION_LEVEL = "-Onone";
			};
			name = Debug;
		};
		FA1DA08C277E007B0045D9C0 /* Release */ = {
			isa = XCBuildConfiguration;
			buildSettings = {
				ALWAYS_SEARCH_USER_PATHS = NO;
				CLANG_ANALYZER_NONNULL = YES;
				CLANG_ANALYZER_NUMBER_OBJECT_CONVERSION = YES_AGGRESSIVE;
				CLANG_CXX_LANGUAGE_STANDARD = "gnu++17";
				CLANG_CXX_LIBRARY = "libc++";
				CLANG_ENABLE_MODULES = YES;
				CLANG_ENABLE_OBJC_ARC = YES;
				CLANG_ENABLE_OBJC_WEAK = YES;
				CLANG_WARN_BLOCK_CAPTURE_AUTORELEASING = YES;
				CLANG_WARN_BOOL_CONVERSION = YES;
				CLANG_WARN_COMMA = YES;
				CLANG_WARN_CONSTANT_CONVERSION = YES;
				CLANG_WARN_DEPRECATED_OBJC_IMPLEMENTATIONS = YES;
				CLANG_WARN_DIRECT_OBJC_ISA_USAGE = YES_ERROR;
				CLANG_WARN_DOCUMENTATION_COMMENTS = YES;
				CLANG_WARN_EMPTY_BODY = YES;
				CLANG_WARN_ENUM_CONVERSION = YES;
				CLANG_WARN_INFINITE_RECURSION = YES;
				CLANG_WARN_INT_CONVERSION = YES;
				CLANG_WARN_NON_LITERAL_NULL_CONVERSION = YES;
				CLANG_WARN_OBJC_IMPLICIT_RETAIN_SELF = YES;
				CLANG_WARN_OBJC_LITERAL_CONVERSION = YES;
				CLANG_WARN_OBJC_ROOT_CLASS = YES_ERROR;
				CLANG_WARN_QUOTED_INCLUDE_IN_FRAMEWORK_HEADER = YES;
				CLANG_WARN_RANGE_LOOP_ANALYSIS = YES;
				CLANG_WARN_STRICT_PROTOTYPES = YES;
				CLANG_WARN_SUSPICIOUS_MOVE = YES;
				CLANG_WARN_UNGUARDED_AVAILABILITY = YES_AGGRESSIVE;
				CLANG_WARN_UNREACHABLE_CODE = YES;
				CLANG_WARN__DUPLICATE_METHOD_MATCH = YES;
				COPY_PHASE_STRIP = NO;
				DEBUG_INFORMATION_FORMAT = "dwarf-with-dsym";
				ENABLE_NS_ASSERTIONS = NO;
				ENABLE_STRICT_OBJC_MSGSEND = YES;
				GCC_C_LANGUAGE_STANDARD = gnu17;
				GCC_NO_COMMON_BLOCKS = YES;
				GCC_WARN_64_TO_32_BIT_CONVERSION = YES;
				GCC_WARN_ABOUT_RETURN_TYPE = YES_ERROR;
				GCC_WARN_UNDECLARED_SELECTOR = YES;
				GCC_WARN_UNINITIALIZED_AUTOS = YES_AGGRESSIVE;
				GCC_WARN_UNUSED_FUNCTION = YES;
				GCC_WARN_UNUSED_VARIABLE = YES;
				IPHONEOS_DEPLOYMENT_TARGET = 17.0;
				MTL_ENABLE_DEBUG_INFO = NO;
				MTL_FAST_MATH = YES;
				SDKROOT = iphoneos;
				SWIFT_COMPILATION_MODE = wholemodule;
				SWIFT_OPTIMIZATION_LEVEL = "-O";
				VALIDATE_PRODUCT = YES;
			};
			name = Release;
		};
		FA1DA08E277E007B0045D9C0 /* Debug */ = {
			isa = XCBuildConfiguration;
			buildSettings = {
				ASSETCATALOG_COMPILER_APPICON_NAME = AppIcon;
				ASSETCATALOG_COMPILER_GLOBAL_ACCENT_COLOR_NAME = AccentColor;
				CODE_SIGN_STYLE = Automatic;
				CURRENT_PROJECT_VERSION = 2;
				DEVELOPMENT_ASSET_PATHS = "\"lab.ios.Biometrics/Preview Content\"";
				DEVELOPMENT_TEAM = "";
				ENABLE_PREVIEWS = YES;
				GENERATE_INFOPLIST_FILE = YES;
				INFOPLIST_KEY_UIApplicationSceneManifest_Generation = YES;
				INFOPLIST_KEY_UIApplicationSupportsIndirectInputEvents = YES;
				INFOPLIST_KEY_UILaunchScreen_Generation = YES;
				INFOPLIST_KEY_UISupportedInterfaceOrientations_iPad = "UIInterfaceOrientationPortrait UIInterfaceOrientationPortraitUpsideDown UIInterfaceOrientationLandscapeLeft UIInterfaceOrientationLandscapeRight";
				INFOPLIST_KEY_UISupportedInterfaceOrientations_iPhone = "UIInterfaceOrientationPortrait UIInterfaceOrientationLandscapeLeft UIInterfaceOrientationLandscapeRight";
				IPHONEOS_DEPLOYMENT_TARGET = 17.0;
				LD_RUNPATH_SEARCH_PATHS = (
					"$(inherited)",
					"@executable_path/Frameworks",
				);
				MARKETING_VERSION = 2.0;
				PRODUCT_BUNDLE_IDENTIFIER = "defdev.lab-ios-Biometrics";
				PRODUCT_MODULE_NAME = lab_ios_Biometrics;
				PRODUCT_NAME = "Biometrics lab";
				SUPPORTED_PLATFORMS = "iphoneos iphonesimulator";
				SWIFT_EMIT_LOC_STRINGS = YES;
				SWIFT_STRICT_CONCURRENCY = complete;
				SWIFT_VERSION = 6.0;
				TARGETED_DEVICE_FAMILY = 1;
			};
			name = Debug;
		};
		FA1DA08F277E007B0045D9C0 /* Release */ = {
			isa = XCBuildConfiguration;
			buildSettings = {
				ASSETCATALOG_COMPILER_APPICON_NAME = AppIcon;
				ASSETCATALOG_COMPILER_GLOBAL_ACCENT_COLOR_NAME = AccentColor;
				CODE_SIGN_STYLE = Automatic;
				CURRENT_PROJECT_VERSION = 2;
				DEVELOPMENT_ASSET_PATHS = "\"lab.ios.Biometrics/Preview Content\"";
				DEVELOPMENT_TEAM = "";
				ENABLE_PREVIEWS = YES;
				GENERATE_INFOPLIST_FILE = YES;
				INFOPLIST_KEY_UIApplicationSceneManifest_Generation = YES;
				INFOPLIST_KEY_UIApplicationSupportsIndirectInputEvents = YES;
				INFOPLIST_KEY_UILaunchScreen_Generation = YES;
				INFOPLIST_KEY_UISupportedInterfaceOrientations_iPad = "UIInterfaceOrientationPortrait UIInterfaceOrientationPortraitUpsideDown UIInterfaceOrientationLandscapeLeft UIInterfaceOrientationLandscapeRight";
				INFOPLIST_KEY_UISupportedInterfaceOrientations_iPhone = "UIInterfaceOrientationPortrait UIInterfaceOrientationLandscapeLeft UIInterfaceOrientationLandscapeRight";
				IPHONEOS_DEPLOYMENT_TARGET = 17.0;
				LD_RUNPATH_SEARCH_PATHS = (
					"$(inherited)",
					"@executable_path/Frameworks",
				);
				MARKETING_VERSION = 2.0;
				PRODUCT_BUNDLE_IDENTIFIER = "defdev.lab-ios-Biometrics";
				PRODUCT_MODULE_NAME = lab_ios_Biometrics;
				PRODUCT_NAME = "Biometrics lab";
				SUPPORTED_PLATFORMS = "iphoneos iphonesimulator";
				SWIFT_EMIT_LOC_STRINGS = YES;
				SWIFT_STRICT_CONCURRENCY = complete;
				SWIFT_VERSION = 6.0;
				TARGETED_DEVICE_FAMILY = 1;
			};
			name = Release;
		};
		FBA000000000000000000001 /* Debug */ = {
			isa = XCBuildConfiguration;
			buildSettings = {
				BUNDLE_LOADER = "$(TEST_HOST)";
				CODE_SIGN_STYLE = Automatic;
				DEVELOPMENT_TEAM = "";
				GENERATE_INFOPLIST_FILE = YES;
				IPHONEOS_DEPLOYMENT_TARGET = 17.0;
				LD_RUNPATH_SEARCH_PATHS = (
					"$(inherited)",
					"@executable_path/Frameworks",
					"@loader_path/Frameworks",
				);
				PRODUCT_BUNDLE_IDENTIFIER = "defdev.lab-ios-BiometricsTests";
				PRODUCT_NAME = "$(TARGET_NAME)";
				SUPPORTED_PLATFORMS = "iphoneos iphonesimulator";
				SWIFT_STRICT_CONCURRENCY = complete;
				SWIFT_VERSION = 6.0;
				TARGETED_DEVICE_FAMILY = 1;
				TEST_HOST = "$(BUILT_PRODUCTS_DIR)/Biometrics lab.app/$(BUNDLE_EXECUTABLE_FOLDER_PATH)/Biometrics lab";
			};
			name = Debug;
		};
		FBA000000000000000000002 /* Release */ = {
			isa = XCBuildConfiguration;
			buildSettings = {
				BUNDLE_LOADER = "$(TEST_HOST)";
				CODE_SIGN_STYLE = Automatic;
				DEVELOPMENT_TEAM = "";
				GENERATE_INFOPLIST_FILE = YES;
				IPHONEOS_DEPLOYMENT_TARGET = 17.0;
				LD_RUNPATH_SEARCH_PATHS = (
					"$(inherited)",
					"@executable_path/Frameworks",
					"@loader_path/Frameworks",
				);
				PRODUCT_BUNDLE_IDENTIFIER = "defdev.lab-ios-BiometricsTests";
				PRODUCT_NAME = "$(TARGET_NAME)";
				SUPPORTED_PLATFORMS = "iphoneos iphonesimulator";
				SWIFT_STRICT_CONCURRENCY = complete;
				SWIFT_VERSION = 6.0;
				TARGETED_DEVICE_FAMILY = 1;
				TEST_HOST = "$(BUILT_PRODUCTS_DIR)/Biometrics lab.app/$(BUNDLE_EXECUTABLE_FOLDER_PATH)/Biometrics lab";
			};
			name = Release;
		};
/* End XCBuildConfiguration section */

/* Begin XCConfigurationList section */
		FA1DA07A277E00770045D9C0 /* Build configuration list for PBXProject "lab.ios.Biometrics" */ = {
			isa = XCConfigurationList;
			buildConfigurations = (
				FA1DA08B277E007B0045D9C0 /* Debug */,
				FA1DA08C277E007B0045D9C0 /* Release */,
			);
			defaultConfigurationIsVisible = 0;
			defaultConfigurationName = Release;
		};
		FA1DA08D277E007B0045D9C0 /* Build configuration list for PBXNativeTarget "lab.ios.Biometrics" */ = {
			isa = XCConfigurationList;
			buildConfigurations = (
				FA1DA08E277E007B0045D9C0 /* Debug */,
				FA1DA08F277E007B0045D9C0 /* Release */,
			);
			defaultConfigurationIsVisible = 0;
			defaultConfigurationName = Release;
		};
		FB7000000000000000000001 /* Build configuration list for PBXNativeTarget "lab.ios.BiometricsTests" */ = {
			isa = XCConfigurationList;
			buildConfigurations = (
				FBA000000000000000000001 /* Debug */,
				FBA000000000000000000002 /* Release */,
			);
			defaultConfigurationIsVisible = 0;
			defaultConfigurationName = Release;
		};
/* End XCConfigurationList section */
	};
	rootObject = FA1DA077277E00770045D9C0 /* Project object */;
}
